
Microsoft Visual Studio Solution File, Format Version 10.00
# Visual Studio 2008
Project("{FAE04EC0-301F-11D3-BF4B-00C04F79EFBC}") = "Freetime.Base.Framework", "..\Freetime.Base.Framework\Freetime.Base.Framework.csproj", "{51773990-AB84-45E5-BFF2-50F0B422D380}"
EndProject
Project("{2150E333-8FDC-42A3-9474-1A3956D46DE8}") = "002.Unit.Test", "002.Unit.Test", "{7BA80461-805D-4DB4-8D25-1873414489E3}"
EndProject
Project("{2150E333-8FDC-42A3-9474-1A3956D46DE8}") = "001.Framework", "001.Framework", "{0109FA43-F7FA-4E54-B14F-F43FA13C0059}"
EndProject
Global
	GlobalSection(SubversionScc) = preSolution
		Svn-Managed = True
		Manager = AnkhSVN - Subversion Support for Visual Studio
	EndGlobalSection
	GlobalSection(SolutionConfigurationPlatforms) = preSolution
		Debug|Any CPU = Debug|Any CPU
		Release|Any CPU = Release|Any CPU
	EndGlobalSection
	GlobalSection(ProjectConfigurationPlatforms) = postSolution
		{51773990-AB84-45E5-BFF2-50F0B422D380}.Debug|Any CPU.ActiveCfg = Debug|Any CPU
		{51773990-AB84-45E5-BFF2-50F0B422D380}.Debug|Any CPU.Build.0 = Debug|Any CPU
		{51773990-AB84-45E5-BFF2-50F0B422D380}.Release|Any CPU.ActiveCfg = Release|Any CPU
		{51773990-AB84-45E5-BFF2-50F0B422D380}.Release|Any CPU.Build.0 = Release|Any CPU
	EndGlobalSection
	GlobalSection(SolutionProperties) = preSolution
		HideSolutionNode = FALSE
	EndGlobalSection
	GlobalSection(NestedProjects) = preSolution
		{51773990-AB84-45E5-BFF2-50F0B422D380} = {0109FA43-F7FA-4E54-B14F-F43FA13C0059}
	EndGlobalSection
EndGlobal
