
Microsoft Visual Studio Solution File, Format Version 10.00
# Visual Studio 2008
Project("{2150E333-8FDC-42A3-9474-1A3956D46DE8}") = "900.Unit.Test", "900.Unit.Test", "{7BA80461-805D-4DB4-8D25-1873414489E3}"
EndProject
Project("{FAE04EC0-301F-11D3-BF4B-00C04F79EFBC}") = "Freetime.Data.Services.Host", "..\Freetime.Data.Services.Host\Freetime.Data.Services.Host.csproj", "{1E5C1C25-F1C6-4A32-A313-901254B772A4}"
EndProject
Project("{FAE04EC0-301F-11D3-BF4B-00C04F79EFBC}") = "Freetime.Data.Services", "..\Freetime.Data.Services\Freetime.Data.Services.csproj", "{7FE45FF9-F800-4475-9BEB-A7C4A0410903}"
EndProject
Project("{2150E333-8FDC-42A3-9474-1A3956D46DE8}") = "002.Data.Service", "002.Data.Service", "{7A252136-4954-4FEB-9B9E-EF1ED2F53B71}"
EndProject
Project("{2150E333-8FDC-42A3-9474-1A3956D46DE8}") = "003.Service.Host", "003.Service.Host", "{01FEEDA6-A2F6-4305-A8BF-E83F50579BE9}"
EndProject
Project("{2150E333-8FDC-42A3-9474-1A3956D46DE8}") = "001.Data", "001.Data", "{650C3171-06D0-47F0-AB04-FBE3A1C3AE65}"
EndProject
Project("{FAE04EC0-301F-11D3-BF4B-00C04F79EFBC}") = "Freetime.Base.Data", "..\Freetime.Base.Data\Freetime.Base.Data.csproj", "{1646344E-9015-4204-AF7B-0DF1D42B3E24}"
EndProject
Global
	GlobalSection(SubversionScc) = preSolution
		Svn-Managed = True
		Manager = AnkhSVN - Subversion Support for Visual Studio
	EndGlobalSection
	GlobalSection(SolutionConfigurationPlatforms) = preSolution
		Debug|Any CPU = Debug|Any CPU
		Release|Any CPU = Release|Any CPU
	EndGlobalSection
	GlobalSection(ProjectConfigurationPlatforms) = postSolution
		{1E5C1C25-F1C6-4A32-A313-901254B772A4}.Debug|Any CPU.ActiveCfg = Debug|Any CPU
		{1E5C1C25-F1C6-4A32-A313-901254B772A4}.Debug|Any CPU.Build.0 = Debug|Any CPU
		{1E5C1C25-F1C6-4A32-A313-901254B772A4}.Release|Any CPU.ActiveCfg = Release|Any CPU
		{1E5C1C25-F1C6-4A32-A313-901254B772A4}.Release|Any CPU.Build.0 = Release|Any CPU
		{7FE45FF9-F800-4475-9BEB-A7C4A0410903}.Debug|Any CPU.ActiveCfg = Debug|Any CPU
		{7FE45FF9-F800-4475-9BEB-A7C4A0410903}.Debug|Any CPU.Build.0 = Debug|Any CPU
		{7FE45FF9-F800-4475-9BEB-A7C4A0410903}.Release|Any CPU.ActiveCfg = Release|Any CPU
		{7FE45FF9-F800-4475-9BEB-A7C4A0410903}.Release|Any CPU.Build.0 = Release|Any CPU
		{1646344E-9015-4204-AF7B-0DF1D42B3E24}.Debug|Any CPU.ActiveCfg = Debug|Any CPU
		{1646344E-9015-4204-AF7B-0DF1D42B3E24}.Debug|Any CPU.Build.0 = Debug|Any CPU
		{1646344E-9015-4204-AF7B-0DF1D42B3E24}.Release|Any CPU.ActiveCfg = Release|Any CPU
		{1646344E-9015-4204-AF7B-0DF1D42B3E24}.Release|Any CPU.Build.0 = Release|Any CPU
	EndGlobalSection
	GlobalSection(SolutionProperties) = preSolution
		HideSolutionNode = FALSE
	EndGlobalSection
	GlobalSection(NestedProjects) = preSolution
		{1E5C1C25-F1C6-4A32-A313-901254B772A4} = {01FEEDA6-A2F6-4305-A8BF-E83F50579BE9}
		{7FE45FF9-F800-4475-9BEB-A7C4A0410903} = {7A252136-4954-4FEB-9B9E-EF1ED2F53B71}
		{1646344E-9015-4204-AF7B-0DF1D42B3E24} = {650C3171-06D0-47F0-AB04-FBE3A1C3AE65}
	EndGlobalSection
EndGlobal
