
Microsoft Visual Studio Solution File, Format Version 11.00
# Visual Studio 2010
Project("{2150E333-8FDC-42A3-9474-1A3956D46DE8}") = "001.Data", "001.Data", "{E297EDE3-8DF7-41D7-9886-CD52020155CF}"
EndProject
Project("{2150E333-8FDC-42A3-9474-1A3956D46DE8}") = "002.Business", "002.Business", "{FF15192C-F4F0-4EDA-AD29-511B6BBAD9E9}"
EndProject
Project("{2150E333-8FDC-42A3-9474-1A3956D46DE8}") = "003.Controller", "003.Controller", "{13741EFE-1606-4F5F-9F89-F515FACF7C8C}"
EndProject
Project("{2150E333-8FDC-42A3-9474-1A3956D46DE8}") = "004.Web", "004.Web", "{33C7267F-14F2-4306-8DE5-E3B05D53E023}"
EndProject
Project("{2150E333-8FDC-42A3-9474-1A3956D46DE8}") = "900.Unit.Test", "900.Unit.Test", "{9EA1E618-5870-4877-B942-C9C8E163C21C}"
EndProject
Project("{FAE04EC0-301F-11D3-BF4B-00C04F79EFBC}") = "Freetime.Web.Controller", "..\Freetime.Web.Controller\Freetime.Web.Controller.csproj", "{B4821622-B647-4997-9EC0-D4E0BC77F5F4}"
EndProject
Project("{FAE04EC0-301F-11D3-BF4B-00C04F79EFBC}") = "Freetime.Base.Business", "..\Freetime.Base.Business\Freetime.Base.Business.csproj", "{CF7EC13B-E324-455A-9A91-71CFCBEBD6C1}"
EndProject
Project("{FAE04EC0-301F-11D3-BF4B-00C04F79EFBC}") = "Freetime.Base.Data", "..\Freetime.Base.Data\Freetime.Base.Data.csproj", "{1646344E-9015-4204-AF7B-0DF1D42B3E24}"
EndProject
Project("{FAE04EC0-301F-11D3-BF4B-00C04F79EFBC}") = "2010.Freetime.Web", "..\Freetime.Web\2010.Freetime.Web.csproj", "{6CF5CABE-D09C-4158-8319-04EFE5DA4687}"
EndProject
Project("{FAE04EC0-301F-11D3-BF4B-00C04F79EFBC}") = "Test.Freetime.Base.Data.2010", "..\Unit.Testing\Test.Freetime.Base.Data\Test.Freetime.Base.Data.2010.csproj", "{DD7A929F-FA8E-485D-ABA0-77599158C6D8}"
EndProject
Project("{FAE04EC0-301F-11D3-BF4B-00C04F79EFBC}") = "Test.Freetime.Base.Business.2010", "..\Unit.Testing\Test.Freetime.Base.Business\Test.Freetime.Base.Business.2010.csproj", "{9DD23392-E06C-4228-909F-D7BB532C316D}"
EndProject
Project("{FAE04EC0-301F-11D3-BF4B-00C04F79EFBC}") = "Test.Freetime.Web.Controller.2010", "..\Unit.Testing\Test.Freetime.Web.Controller\Test.Freetime.Web.Controller.2010.csproj", "{B602EF23-C776-4452-86AE-8573EE897C89}"
EndProject
Project("{FAE04EC0-301F-11D3-BF4B-00C04F79EFBC}") = "Test.Freetime.Web.2010", "..\Unit.Testing\Test.Freetime.Web\Test.Freetime.Web.2010.csproj", "{76A477E8-3BB7-4FC7-9B44-322502C6712C}"
EndProject
Global
	GlobalSection(SubversionScc) = preSolution
		Svn-Managed = True
		Manager = AnkhSVN - Subversion Support for Visual Studio
	EndGlobalSection
	GlobalSection(SolutionConfigurationPlatforms) = preSolution
		Debug|Any CPU = Debug|Any CPU
		Release|Any CPU = Release|Any CPU
	EndGlobalSection
	GlobalSection(ProjectConfigurationPlatforms) = postSolution
		{B4821622-B647-4997-9EC0-D4E0BC77F5F4}.Debug|Any CPU.ActiveCfg = Debug|Any CPU
		{B4821622-B647-4997-9EC0-D4E0BC77F5F4}.Debug|Any CPU.Build.0 = Debug|Any CPU
		{B4821622-B647-4997-9EC0-D4E0BC77F5F4}.Release|Any CPU.ActiveCfg = Release|Any CPU
		{B4821622-B647-4997-9EC0-D4E0BC77F5F4}.Release|Any CPU.Build.0 = Release|Any CPU
		{CF7EC13B-E324-455A-9A91-71CFCBEBD6C1}.Debug|Any CPU.ActiveCfg = Debug|Any CPU
		{CF7EC13B-E324-455A-9A91-71CFCBEBD6C1}.Debug|Any CPU.Build.0 = Debug|Any CPU
		{CF7EC13B-E324-455A-9A91-71CFCBEBD6C1}.Release|Any CPU.ActiveCfg = Release|Any CPU
		{CF7EC13B-E324-455A-9A91-71CFCBEBD6C1}.Release|Any CPU.Build.0 = Release|Any CPU
		{1646344E-9015-4204-AF7B-0DF1D42B3E24}.Debug|Any CPU.ActiveCfg = Debug|Any CPU
		{1646344E-9015-4204-AF7B-0DF1D42B3E24}.Debug|Any CPU.Build.0 = Debug|Any CPU
		{1646344E-9015-4204-AF7B-0DF1D42B3E24}.Release|Any CPU.ActiveCfg = Release|Any CPU
		{1646344E-9015-4204-AF7B-0DF1D42B3E24}.Release|Any CPU.Build.0 = Release|Any CPU
		{6CF5CABE-D09C-4158-8319-04EFE5DA4687}.Debug|Any CPU.ActiveCfg = Debug|Any CPU
		{6CF5CABE-D09C-4158-8319-04EFE5DA4687}.Debug|Any CPU.Build.0 = Debug|Any CPU
		{6CF5CABE-D09C-4158-8319-04EFE5DA4687}.Release|Any CPU.ActiveCfg = Release|Any CPU
		{6CF5CABE-D09C-4158-8319-04EFE5DA4687}.Release|Any CPU.Build.0 = Release|Any CPU
		{DD7A929F-FA8E-485D-ABA0-77599158C6D8}.Debug|Any CPU.ActiveCfg = Debug|Any CPU
		{DD7A929F-FA8E-485D-ABA0-77599158C6D8}.Debug|Any CPU.Build.0 = Debug|Any CPU
		{DD7A929F-FA8E-485D-ABA0-77599158C6D8}.Release|Any CPU.ActiveCfg = Release|Any CPU
		{DD7A929F-FA8E-485D-ABA0-77599158C6D8}.Release|Any CPU.Build.0 = Release|Any CPU
		{9DD23392-E06C-4228-909F-D7BB532C316D}.Debug|Any CPU.ActiveCfg = Debug|Any CPU
		{9DD23392-E06C-4228-909F-D7BB532C316D}.Debug|Any CPU.Build.0 = Debug|Any CPU
		{9DD23392-E06C-4228-909F-D7BB532C316D}.Release|Any CPU.ActiveCfg = Release|Any CPU
		{9DD23392-E06C-4228-909F-D7BB532C316D}.Release|Any CPU.Build.0 = Release|Any CPU
		{B602EF23-C776-4452-86AE-8573EE897C89}.Debug|Any CPU.ActiveCfg = Debug|Any CPU
		{B602EF23-C776-4452-86AE-8573EE897C89}.Debug|Any CPU.Build.0 = Debug|Any CPU
		{B602EF23-C776-4452-86AE-8573EE897C89}.Release|Any CPU.ActiveCfg = Release|Any CPU
		{B602EF23-C776-4452-86AE-8573EE897C89}.Release|Any CPU.Build.0 = Release|Any CPU
		{76A477E8-3BB7-4FC7-9B44-322502C6712C}.Debug|Any CPU.ActiveCfg = Debug|Any CPU
		{76A477E8-3BB7-4FC7-9B44-322502C6712C}.Debug|Any CPU.Build.0 = Debug|Any CPU
		{76A477E8-3BB7-4FC7-9B44-322502C6712C}.Release|Any CPU.ActiveCfg = Release|Any CPU
		{76A477E8-3BB7-4FC7-9B44-322502C6712C}.Release|Any CPU.Build.0 = Release|Any CPU
	EndGlobalSection
	GlobalSection(SolutionProperties) = preSolution
		HideSolutionNode = FALSE
	EndGlobalSection
	GlobalSection(NestedProjects) = preSolution
		{1646344E-9015-4204-AF7B-0DF1D42B3E24} = {E297EDE3-8DF7-41D7-9886-CD52020155CF}
		{CF7EC13B-E324-455A-9A91-71CFCBEBD6C1} = {FF15192C-F4F0-4EDA-AD29-511B6BBAD9E9}
		{B4821622-B647-4997-9EC0-D4E0BC77F5F4} = {13741EFE-1606-4F5F-9F89-F515FACF7C8C}
		{6CF5CABE-D09C-4158-8319-04EFE5DA4687} = {33C7267F-14F2-4306-8DE5-E3B05D53E023}
		{DD7A929F-FA8E-485D-ABA0-77599158C6D8} = {9EA1E618-5870-4877-B942-C9C8E163C21C}
		{9DD23392-E06C-4228-909F-D7BB532C316D} = {9EA1E618-5870-4877-B942-C9C8E163C21C}
		{B602EF23-C776-4452-86AE-8573EE897C89} = {9EA1E618-5870-4877-B942-C9C8E163C21C}
		{76A477E8-3BB7-4FC7-9B44-322502C6712C} = {9EA1E618-5870-4877-B942-C9C8E163C21C}
	EndGlobalSection
EndGlobal
