
Microsoft Visual Studio Solution File, Format Version 10.00
# Visual Studio 2008
Project("{2150E333-8FDC-42A3-9474-1A3956D46DE8}") = "001.Framework", "001.Framework", "{0109FA43-F7FA-4E54-B14F-F43FA13C0059}"
EndProject
Project("{2150E333-8FDC-42A3-9474-1A3956D46DE8}") = "002.Authentication", "002.Authentication", "{7DD689D2-6498-4010-9940-12744D32E9B0}"
EndProject
Project("{2150E333-8FDC-42A3-9474-1A3956D46DE8}") = "003.Data", "003.Data", "{E2313A1E-5684-4016-9DA9-32927F6B4DD3}"
EndProject
Project("{2150E333-8FDC-42A3-9474-1A3956D46DE8}") = "004.Configuration", "004.Configuration", "{C178C8B1-79A0-4533-AA5F-F49CB54E5F28}"
EndProject
Project("{2150E333-8FDC-42A3-9474-1A3956D46DE8}") = "005.GlobalHandling", "005.GlobalHandling", "{E8EA5C2F-EE8E-43A1-BA2A-35385339EFC3}"
EndProject
Project("{2150E333-8FDC-42A3-9474-1A3956D46DE8}") = "006.Plugin.Management", "006.Plugin.Management", "{C9CC06AA-DF57-427C-A41B-8B83A539F2F2}"
EndProject
Project("{2150E333-8FDC-42A3-9474-1A3956D46DE8}") = "007.Data.Services", "007.Data.Services", "{5FDE2494-D05A-4B7B-BE33-FB268C22B549}"
EndProject
Project("{2150E333-8FDC-42A3-9474-1A3956D46DE8}") = "008.Data.Services.Host", "008.Data.Services.Host", "{3FC8F5E2-602A-44B2-BE70-7AEA398C122A}"
EndProject
Project("{2150E333-8FDC-42A3-9474-1A3956D46DE8}") = "009.Business", "009.Business", "{88825E9B-81D1-4474-B5D6-1D8D9B1A70B7}"
EndProject
Project("{2150E333-8FDC-42A3-9474-1A3956D46DE8}") = "010.Component", "010.Component", "{28F5B6E3-0893-4F10-ACB1-767A7CF0EC7E}"
EndProject
Project("{2150E333-8FDC-42A3-9474-1A3956D46DE8}") = "011.Web.Context", "011.Web.Context", "{A0F73284-C914-4521-8C44-505718BCEB7E}"
EndProject
Project("{2150E333-8FDC-42A3-9474-1A3956D46DE8}") = "012.Web.Routing", "012.Web.Routing", "{3F4E12DC-37B5-406A-807F-6984F6BBF15A}"
EndProject
Project("{2150E333-8FDC-42A3-9474-1A3956D46DE8}") = "013.Web.View", "013.Web.View", "{62BAB73E-570D-4A71-816B-6008C34C0465}"
EndProject
Project("{2150E333-8FDC-42A3-9474-1A3956D46DE8}") = "014.Web.Controller", "014.Web.Controller", "{C9B348BE-2717-4CB3-B34D-96ABFF96CC21}"
EndProject
Project("{FAE04EC0-301F-11D3-BF4B-00C04F79EFBC}") = "Test.Freetime.Base.Framework.2008", "..\Test.Freetime.Base.Framework\Test.Freetime.Base.Framework.2008.csproj", "{1892CB43-C162-48FE-97D6-79E7791EA4DF}"
EndProject
Project("{FAE04EC0-301F-11D3-BF4B-00C04F79EFBC}") = "Test.Freetime.Authentication.2008", "..\Test.Freetime.Authentication\Test.Freetime.Authentication.2008.csproj", "{8F2AFF94-4F75-43C5-9F9D-D932DDB860F1}"
EndProject
Project("{FAE04EC0-301F-11D3-BF4B-00C04F79EFBC}") = "Test.Freetime.Base.Data.2008", "..\Test.Freetime.Base.Data\Test.Freetime.Base.Data.2008.csproj", "{DD7A929F-FA8E-485D-ABA0-77599158C6D8}"
EndProject
Project("{FAE04EC0-301F-11D3-BF4B-00C04F79EFBC}") = "Test.Freetime.Configuration.2008", "..\Test.Freetime.Configuration\Test.Freetime.Configuration.2008.csproj", "{97060E41-A60C-4793-B838-F06BA8D353EA}"
EndProject
Project("{FAE04EC0-301F-11D3-BF4B-00C04F79EFBC}") = "Test.Freetime.GlobalHandling.2008", "..\Test.Freetime.GlobalHandling\Test.Freetime.GlobalHandling.2008.csproj", "{B40173E0-15C2-4608-85E9-413057C64F0D}"
EndProject
Project("{FAE04EC0-301F-11D3-BF4B-00C04F79EFBC}") = "Test.Freetime.PluginManagement.2008", "..\Test.Freetime.PluginManagement\Test.Freetime.PluginManagement.2008.csproj", "{F5914FD4-1B74-45F8-A82E-C4F88A8DC4D0}"
EndProject
Project("{FAE04EC0-301F-11D3-BF4B-00C04F79EFBC}") = "Test.Freetime.Data.Services.2008", "..\Test.Freetime.Data.Services\Test.Freetime.Data.Services.2008.csproj", "{79ADE7B6-1DA7-4D31-8DE5-040F43566636}"
EndProject
Project("{FAE04EC0-301F-11D3-BF4B-00C04F79EFBC}") = "Test.Freetime.DataServices.Host.2008", "..\Test.Freetime.DataServices.Host\Test.Freetime.DataServices.Host.2008.csproj", "{5B529221-7CD4-473B-BA70-C1FAA7C410C0}"
EndProject
Project("{FAE04EC0-301F-11D3-BF4B-00C04F79EFBC}") = "Test.Freetime.Base.Business.2008", "..\Test.Freetime.Base.Business\Test.Freetime.Base.Business.2008.csproj", "{9DD23392-E06C-4228-909F-D7BB532C316D}"
EndProject
Project("{FAE04EC0-301F-11D3-BF4B-00C04F79EFBC}") = "Test.Freetime.Base.Component.2008", "..\Test.Freetime.Base.Component\Test.Freetime.Base.Component.2008.csproj", "{94F535B4-4E43-4EC9-930F-8A96CDEB53C3}"
EndProject
Project("{FAE04EC0-301F-11D3-BF4B-00C04F79EFBC}") = "Test.Freetime.Web.Context.2008", "..\Test.Freetime.Web.Context\Test.Freetime.Web.Context.2008.csproj", "{51B24B66-464B-4638-9B0A-9FB4855EDCA6}"
EndProject
Project("{FAE04EC0-301F-11D3-BF4B-00C04F79EFBC}") = "Test.Freetime.Web.Routing.2008", "..\Test.Freetime.Web.Routing\Test.Freetime.Web.Routing.2008.csproj", "{46682108-1E79-49C4-93FE-2CDA26D8D7CB}"
EndProject
Project("{FAE04EC0-301F-11D3-BF4B-00C04F79EFBC}") = "Test.Freetime.Web.View.2008", "..\Test.Freetime.Web.View\Test.Freetime.Web.View.2008.csproj", "{D576CDDF-33C5-4746-89C0-6A21D92BE329}"
EndProject
Project("{FAE04EC0-301F-11D3-BF4B-00C04F79EFBC}") = "Test.Freetime.Web.Controller.2008", "..\Test.Freetime.Web.Controller\Test.Freetime.Web.Controller.2008.csproj", "{B602EF23-C776-4452-86AE-8573EE897C89}"
EndProject
Project("{2150E333-8FDC-42A3-9474-1A3956D46DE8}") = "015.Web", "015.Web", "{D2D0A6DB-28B7-40C4-9C0F-815C127F834A}"
EndProject
Project("{FAE04EC0-301F-11D3-BF4B-00C04F79EFBC}") = "Test.Freetime.Web.2008", "..\Test.Freetime.Web\Test.Freetime.Web.2008.csproj", "{76A477E8-3BB7-4FC7-9B44-322502C6712C}"
EndProject
Global
	GlobalSection(SubversionScc) = preSolution
		Svn-Managed = True
		Manager = AnkhSVN - Subversion Support for Visual Studio
	EndGlobalSection
	GlobalSection(SolutionConfigurationPlatforms) = preSolution
		Debug|Any CPU = Debug|Any CPU
		Release|Any CPU = Release|Any CPU
	EndGlobalSection
	GlobalSection(ProjectConfigurationPlatforms) = postSolution
		{1892CB43-C162-48FE-97D6-79E7791EA4DF}.Debug|Any CPU.ActiveCfg = Debug|Any CPU
		{1892CB43-C162-48FE-97D6-79E7791EA4DF}.Debug|Any CPU.Build.0 = Debug|Any CPU
		{1892CB43-C162-48FE-97D6-79E7791EA4DF}.Release|Any CPU.ActiveCfg = Release|Any CPU
		{1892CB43-C162-48FE-97D6-79E7791EA4DF}.Release|Any CPU.Build.0 = Release|Any CPU
		{8F2AFF94-4F75-43C5-9F9D-D932DDB860F1}.Debug|Any CPU.ActiveCfg = Debug|Any CPU
		{8F2AFF94-4F75-43C5-9F9D-D932DDB860F1}.Debug|Any CPU.Build.0 = Debug|Any CPU
		{8F2AFF94-4F75-43C5-9F9D-D932DDB860F1}.Release|Any CPU.ActiveCfg = Release|Any CPU
		{8F2AFF94-4F75-43C5-9F9D-D932DDB860F1}.Release|Any CPU.Build.0 = Release|Any CPU
		{DD7A929F-FA8E-485D-ABA0-77599158C6D8}.Debug|Any CPU.ActiveCfg = Debug|Any CPU
		{DD7A929F-FA8E-485D-ABA0-77599158C6D8}.Debug|Any CPU.Build.0 = Debug|Any CPU
		{DD7A929F-FA8E-485D-ABA0-77599158C6D8}.Release|Any CPU.ActiveCfg = Release|Any CPU
		{DD7A929F-FA8E-485D-ABA0-77599158C6D8}.Release|Any CPU.Build.0 = Release|Any CPU
		{97060E41-A60C-4793-B838-F06BA8D353EA}.Debug|Any CPU.ActiveCfg = Debug|Any CPU
		{97060E41-A60C-4793-B838-F06BA8D353EA}.Debug|Any CPU.Build.0 = Debug|Any CPU
		{97060E41-A60C-4793-B838-F06BA8D353EA}.Release|Any CPU.ActiveCfg = Release|Any CPU
		{97060E41-A60C-4793-B838-F06BA8D353EA}.Release|Any CPU.Build.0 = Release|Any CPU
		{B40173E0-15C2-4608-85E9-413057C64F0D}.Debug|Any CPU.ActiveCfg = Debug|Any CPU
		{B40173E0-15C2-4608-85E9-413057C64F0D}.Debug|Any CPU.Build.0 = Debug|Any CPU
		{B40173E0-15C2-4608-85E9-413057C64F0D}.Release|Any CPU.ActiveCfg = Release|Any CPU
		{B40173E0-15C2-4608-85E9-413057C64F0D}.Release|Any CPU.Build.0 = Release|Any CPU
		{F5914FD4-1B74-45F8-A82E-C4F88A8DC4D0}.Debug|Any CPU.ActiveCfg = Debug|Any CPU
		{F5914FD4-1B74-45F8-A82E-C4F88A8DC4D0}.Debug|Any CPU.Build.0 = Debug|Any CPU
		{F5914FD4-1B74-45F8-A82E-C4F88A8DC4D0}.Release|Any CPU.ActiveCfg = Release|Any CPU
		{F5914FD4-1B74-45F8-A82E-C4F88A8DC4D0}.Release|Any CPU.Build.0 = Release|Any CPU
		{79ADE7B6-1DA7-4D31-8DE5-040F43566636}.Debug|Any CPU.ActiveCfg = Debug|Any CPU
		{79ADE7B6-1DA7-4D31-8DE5-040F43566636}.Debug|Any CPU.Build.0 = Debug|Any CPU
		{79ADE7B6-1DA7-4D31-8DE5-040F43566636}.Release|Any CPU.ActiveCfg = Release|Any CPU
		{79ADE7B6-1DA7-4D31-8DE5-040F43566636}.Release|Any CPU.Build.0 = Release|Any CPU
		{5B529221-7CD4-473B-BA70-C1FAA7C410C0}.Debug|Any CPU.ActiveCfg = Debug|Any CPU
		{5B529221-7CD4-473B-BA70-C1FAA7C410C0}.Debug|Any CPU.Build.0 = Debug|Any CPU
		{5B529221-7CD4-473B-BA70-C1FAA7C410C0}.Release|Any CPU.ActiveCfg = Release|Any CPU
		{5B529221-7CD4-473B-BA70-C1FAA7C410C0}.Release|Any CPU.Build.0 = Release|Any CPU
		{9DD23392-E06C-4228-909F-D7BB532C316D}.Debug|Any CPU.ActiveCfg = Debug|Any CPU
		{9DD23392-E06C-4228-909F-D7BB532C316D}.Debug|Any CPU.Build.0 = Debug|Any CPU
		{9DD23392-E06C-4228-909F-D7BB532C316D}.Release|Any CPU.ActiveCfg = Release|Any CPU
		{9DD23392-E06C-4228-909F-D7BB532C316D}.Release|Any CPU.Build.0 = Release|Any CPU
		{94F535B4-4E43-4EC9-930F-8A96CDEB53C3}.Debug|Any CPU.ActiveCfg = Debug|Any CPU
		{94F535B4-4E43-4EC9-930F-8A96CDEB53C3}.Debug|Any CPU.Build.0 = Debug|Any CPU
		{94F535B4-4E43-4EC9-930F-8A96CDEB53C3}.Release|Any CPU.ActiveCfg = Release|Any CPU
		{94F535B4-4E43-4EC9-930F-8A96CDEB53C3}.Release|Any CPU.Build.0 = Release|Any CPU
		{51B24B66-464B-4638-9B0A-9FB4855EDCA6}.Debug|Any CPU.ActiveCfg = Debug|Any CPU
		{51B24B66-464B-4638-9B0A-9FB4855EDCA6}.Debug|Any CPU.Build.0 = Debug|Any CPU
		{51B24B66-464B-4638-9B0A-9FB4855EDCA6}.Release|Any CPU.ActiveCfg = Release|Any CPU
		{51B24B66-464B-4638-9B0A-9FB4855EDCA6}.Release|Any CPU.Build.0 = Release|Any CPU
		{46682108-1E79-49C4-93FE-2CDA26D8D7CB}.Debug|Any CPU.ActiveCfg = Debug|Any CPU
		{46682108-1E79-49C4-93FE-2CDA26D8D7CB}.Debug|Any CPU.Build.0 = Debug|Any CPU
		{46682108-1E79-49C4-93FE-2CDA26D8D7CB}.Release|Any CPU.ActiveCfg = Release|Any CPU
		{46682108-1E79-49C4-93FE-2CDA26D8D7CB}.Release|Any CPU.Build.0 = Release|Any CPU
		{D576CDDF-33C5-4746-89C0-6A21D92BE329}.Debug|Any CPU.ActiveCfg = Debug|Any CPU
		{D576CDDF-33C5-4746-89C0-6A21D92BE329}.Debug|Any CPU.Build.0 = Debug|Any CPU
		{D576CDDF-33C5-4746-89C0-6A21D92BE329}.Release|Any CPU.ActiveCfg = Release|Any CPU
		{D576CDDF-33C5-4746-89C0-6A21D92BE329}.Release|Any CPU.Build.0 = Release|Any CPU
		{B602EF23-C776-4452-86AE-8573EE897C89}.Debug|Any CPU.ActiveCfg = Debug|Any CPU
		{B602EF23-C776-4452-86AE-8573EE897C89}.Debug|Any CPU.Build.0 = Debug|Any CPU
		{B602EF23-C776-4452-86AE-8573EE897C89}.Release|Any CPU.ActiveCfg = Release|Any CPU
		{B602EF23-C776-4452-86AE-8573EE897C89}.Release|Any CPU.Build.0 = Release|Any CPU
		{76A477E8-3BB7-4FC7-9B44-322502C6712C}.Debug|Any CPU.ActiveCfg = Debug|Any CPU
		{76A477E8-3BB7-4FC7-9B44-322502C6712C}.Debug|Any CPU.Build.0 = Debug|Any CPU
		{76A477E8-3BB7-4FC7-9B44-322502C6712C}.Release|Any CPU.ActiveCfg = Release|Any CPU
		{76A477E8-3BB7-4FC7-9B44-322502C6712C}.Release|Any CPU.Build.0 = Release|Any CPU
	EndGlobalSection
	GlobalSection(SolutionProperties) = preSolution
		HideSolutionNode = FALSE
	EndGlobalSection
	GlobalSection(NestedProjects) = preSolution
		{1892CB43-C162-48FE-97D6-79E7791EA4DF} = {0109FA43-F7FA-4E54-B14F-F43FA13C0059}
		{8F2AFF94-4F75-43C5-9F9D-D932DDB860F1} = {7DD689D2-6498-4010-9940-12744D32E9B0}
		{DD7A929F-FA8E-485D-ABA0-77599158C6D8} = {E2313A1E-5684-4016-9DA9-32927F6B4DD3}
		{97060E41-A60C-4793-B838-F06BA8D353EA} = {C178C8B1-79A0-4533-AA5F-F49CB54E5F28}
		{B40173E0-15C2-4608-85E9-413057C64F0D} = {E8EA5C2F-EE8E-43A1-BA2A-35385339EFC3}
		{F5914FD4-1B74-45F8-A82E-C4F88A8DC4D0} = {C9CC06AA-DF57-427C-A41B-8B83A539F2F2}
		{79ADE7B6-1DA7-4D31-8DE5-040F43566636} = {5FDE2494-D05A-4B7B-BE33-FB268C22B549}
		{5B529221-7CD4-473B-BA70-C1FAA7C410C0} = {3FC8F5E2-602A-44B2-BE70-7AEA398C122A}
		{9DD23392-E06C-4228-909F-D7BB532C316D} = {88825E9B-81D1-4474-B5D6-1D8D9B1A70B7}
		{94F535B4-4E43-4EC9-930F-8A96CDEB53C3} = {28F5B6E3-0893-4F10-ACB1-767A7CF0EC7E}
		{51B24B66-464B-4638-9B0A-9FB4855EDCA6} = {A0F73284-C914-4521-8C44-505718BCEB7E}
		{46682108-1E79-49C4-93FE-2CDA26D8D7CB} = {3F4E12DC-37B5-406A-807F-6984F6BBF15A}
		{D576CDDF-33C5-4746-89C0-6A21D92BE329} = {62BAB73E-570D-4A71-816B-6008C34C0465}
		{B602EF23-C776-4452-86AE-8573EE897C89} = {C9B348BE-2717-4CB3-B34D-96ABFF96CC21}
		{76A477E8-3BB7-4FC7-9B44-322502C6712C} = {D2D0A6DB-28B7-40C4-9C0F-815C127F834A}
	EndGlobalSection
EndGlobal
